<Solution>
  <Project Path="core/Citadel.Core/Citadel.Core.csproj" />
  <Project Path="core/Citadel.Contract/Citadel.Contract.csproj" />
  <Project Path="core/Citadel.Ui/Citadel.Ui.csproj" />
  <Project Path="setting/Citadel.Setting.csproj" />
  <Project Path="module/Citadel.Searcher/Citadel.Searcher.csproj" />
  <Project Path="core/Citadel.Shell/Citadel.Shell.csproj" />
  <Project Path="tests/Citadel.Core.Tests/Citadel.Core.Tests.csproj" />
  <Project Path="tests/Citadel.Ui.Tests/Citadel.Ui.Tests.csproj" />
  <Project Path="tests/Citadel.Uia/Citadel.Uia.csproj" />
  <Project Path="tests/Citadel.Uia.Citizen/Citadel.Uia.Citizen.csproj" />
  <Project Path="tests/Citadel.Uia.Citizen.Dependency/Citadel.Uia.Citizen.Dependency.csproj" />
  <Project Path="tests/Module.Mangareader.Archive.Tests/Module.Mangareader.Archive.Tests.csproj" />
  <Project Path="tests/Module.Mangareader.Library.Tests/Module.Mangareader.Library.Tests.csproj" />
  <Project Path="tests/Module.Mangareader.Reader.Tests/Module.Mangareader.Reader.Tests.csproj" />
</Solution>
